// !$*UTF8*$!
{
	archiveVersion = 1;
	classes = {
	};
	objectVersion = 70;
	objects = {

/* Begin PBXBuildFile section */
		8A7F7F7E2C859E2F00ADF827 /* ArgumentParser in Frameworks */ = {isa = PBXBuildFile; productRef = 8A7F7F7D2C859E2F00ADF827 /* ArgumentParser */; settings = {ATTRIBUTES = (Required, ); }; };
/* End PBXBuildFile section */

/* Begin PBXCopyFilesBuildPhase section */
		8A7F7F682C859D6800ADF827 /* CopyFiles */ = {
			isa = PBXCopyFilesBuildPhase;
			buildActionMask = 2147483647;
			dstPath = /usr/share/man/man1/;
			dstSubfolderSpec = 0;
			files = (
			);
			runOnlyForDeploymentPostprocessing = 1;
		};
/* End PBXCopyFilesBuildPhase section */

/* Begin PBXFileReference section */
		8A7F7F6A2C859D6800ADF827 /* macSup2Srt */ = {isa = PBXFileReference; explicitFileType = "compiled.mach-o.executable"; includeInIndex = 0; path = macSup2Srt; sourceTree = BUILT_PRODUCTS_DIR; };
		8AE9B7352C9402BE00AB2BB5 /* .gitignore */ = {isa = PBXFileReference; lastKnownFileType = text; path = .gitignore; sourceTree = "<group>"; };
		8AE9B7362C9402BE00AB2BB5 /* .swiftformat */ = {isa = PBXFileReference; lastKnownFileType = text; path = .swiftformat; sourceTree = "<group>"; };
		8AE9B7372C9402BE00AB2BB5 /* LICENSE.md */ = {isa = PBXFileReference; lastKnownFileType = net.daringfireball.markdown; path = LICENSE.md; sourceTree = "<group>"; };
		8AE9B7382C9402BE00AB2BB5 /* README.md */ = {isa = PBXFileReference; lastKnownFileType = net.daringfireball.markdown; path = README.md; sourceTree = "<group>"; };
		8AE9B7392C9408C200AB2BB5 /* CONTRIBUTING.md */ = {isa = PBXFileReference; lastKnownFileType = net.daringfireball.markdown; path = CONTRIBUTING.md; sourceTree = "<group>"; };
/* End PBXFileReference section */

/* Begin PBXFileSystemSynchronizedRootGroup section */
		8AEDFD062C9483D700BCEAB8 /* macSup2Srt */ = {isa = PBXFileSystemSynchronizedRootGroup; explicitFileTypes = {}; explicitFolders = (); path = macSup2Srt; sourceTree = "<group>"; };
		8AEDFD0F2C94843F00BCEAB8 /* tests */ = {isa = PBXFileSystemSynchronizedRootGroup; explicitFileTypes = {}; explicitFolders = (); path = tests; sourceTree = "<group>"; };
/* End PBXFileSystemSynchronizedRootGroup section */

/* Begin PBXFrameworksBuildPhase section */
		8A7F7F672C859D6800ADF827 /* Frameworks */ = {
			isa = PBXFrameworksBuildPhase;
			buildActionMask = 2147483647;
			files = (
				8A7F7F7E2C859E2F00ADF827 /* ArgumentParser in Frameworks */,
			);
			runOnlyForDeploymentPostprocessing = 0;
		};
/* End PBXFrameworksBuildPhase section */

/* Begin PBXGroup section */
		8A7F7F612C859D6800ADF827 = {
			isa = PBXGroup;
			children = (
				8AEDFD062C9483D700BCEAB8 /* macSup2Srt */,
				8AEDFD0F2C94843F00BCEAB8 /* tests */,
				8AE9B7392C9408C200AB2BB5 /* CONTRIBUTING.md */,
				8AE9B7352C9402BE00AB2BB5 /* .gitignore */,
				8AE9B7362C9402BE00AB2BB5 /* .swiftformat */,
				8AE9B7372C9402BE00AB2BB5 /* LICENSE.md */,
				8AE9B7382C9402BE00AB2BB5 /* README.md */,
				8A7F7F6B2C859D6800ADF827 /* Products */,
			);
			sourceTree = "<group>";
		};
		8A7F7F6B2C859D6800ADF827 /* Products */ = {
			isa = PBXGroup;
			children = (
				8A7F7F6A2C859D6800ADF827 /* macSup2Srt */,
			);
			name = Products;
			sourceTree = "<group>";
		};
/* End PBXGroup section */

/* Begin PBXNativeTarget section */
		8A7F7F692C859D6800ADF827 /* macSup2Srt */ = {
			isa = PBXNativeTarget;
			buildConfigurationList = 8A7F7F712C859D6800ADF827 /* Build configuration list for PBXNativeTarget "macSup2Srt" */;
			buildPhases = (
				8A7F7F662C859D6800ADF827 /* Sources */,
				8A7F7F672C859D6800ADF827 /* Frameworks */,
				8A7F7F682C859D6800ADF827 /* CopyFiles */,
			);
			buildRules = (
			);
			dependencies = (
			);
			fileSystemSynchronizedGroups = (
				8AEDFD062C9483D700BCEAB8 /* macSup2Srt */,
				8AEDFD0F2C94843F00BCEAB8 /* tests */,
			);
			name = macSup2Srt;
			packageProductDependencies = (
				8A7F7F7D2C859E2F00ADF827 /* ArgumentParser */,
			);
			productName = macSup2Srt;
			productReference = 8A7F7F6A2C859D6800ADF827 /* macSup2Srt */;
			productType = "com.apple.product-type.tool";
		};
/* End PBXNativeTarget section */

/* Begin PBXProject section */
		8A7F7F622C859D6800ADF827 /* Project object */ = {
			isa = PBXProject;
			attributes = {
				BuildIndependentTargetsInParallel = 1;
				LastSwiftUpdateCheck = 1600;
				LastUpgradeCheck = 1600;
				TargetAttributes = {
					8A7F7F692C859D6800ADF827 = {
						CreatedOnToolsVersion = 16.0;
					};
				};
			};
			buildConfigurationList = 8A7F7F652C859D6800ADF827 /* Build configuration list for PBXProject "macSup2Srt" */;
			compatibilityVersion = "Xcode 15.0";
			developmentRegion = en;
			hasScannedForEncodings = 0;
			knownRegions = (
				en,
				Base,
			);
			mainGroup = 8A7F7F612C859D6800ADF827;
			packageReferences = (
				8A7F7F7C2C859E2F00ADF827 /* XCRemoteSwiftPackageReference "swift-argument-parser" */,
			);
			productRefGroup = 8A7F7F6B2C859D6800ADF827 /* Products */;
			projectDirPath = "";
			projectRoot = "";
			targets = (
				8A7F7F692C859D6800ADF827 /* macSup2Srt */,
			);
		};
/* End PBXProject section */

/* Begin PBXSourcesBuildPhase section */
		8A7F7F662C859D6800ADF827 /* Sources */ = {
			isa = PBXSourcesBuildPhase;
			buildActionMask = 2147483647;
			files = (
			);
			runOnlyForDeploymentPostprocessing = 0;
		};
/* End PBXSourcesBuildPhase section */

/* Begin XCBuildConfiguration section */
		8A7F7F6F2C859D6800ADF827 /* Debug */ = {
			isa = XCBuildConfiguration;
			buildSettings = {
				ALWAYS_SEARCH_USER_PATHS = NO;
				CLANG_ANALYZER_NONNULL = YES;
				MACOSX_DEPLOYMENT_TARGET = 15.0;
				SDKROOT = macosx;
				SWIFT_OPTIMIZATION_LEVEL = "-Onone";
				SWIFT_VERSION = 6.0;
			};
			name = Debug;
		};
		8A7F7F702C859D6800ADF827 /* Release */ = {
			isa = XCBuildConfiguration;
			buildSettings = {
				ALWAYS_SEARCH_USER_PATHS = NO;
				CLANG_ANALYZER_NONNULL = YES;
				MACOSX_DEPLOYMENT_TARGET = 15.0;
				SDKROOT = macosx;
				SWIFT_OPTIMIZATION_LEVEL = "-O";
				SWIFT_VERSION = 6.0;
			};
			name = Release;
		};
		8A7F7F722C859D6800ADF827 /* Debug */ = {
			isa = XCBuildConfiguration;
			buildSettings = {
				CODE_SIGN_STYLE = Automatic;
				MACOSX_DEPLOYMENT_TARGET = 13.5;
				PRODUCT_BUNDLE_IDENTIFIER = com.ecdye.macSup2Srt;
				PRODUCT_NAME = "$(TARGET_NAME)";
				SWIFT_VERSION = 5.0;
			};
			name = Debug;
		};
		8A7F7F732C859D6800ADF827 /* Release */ = {
			isa = XCBuildConfiguration;
			buildSettings = {
				CODE_SIGN_STYLE = Automatic;
				MACOSX_DEPLOYMENT_TARGET = 13.5;
				PRODUCT_BUNDLE_IDENTIFIER = com.ecdye.macSup2Srt;
				PRODUCT_NAME = "$(TARGET_NAME)";
				SWIFT_VERSION = 5.0;
			};
			name = Release;
		};
/* End XCBuildConfiguration section */

/* Begin XCConfigurationList section */
		8A7F7F652C859D6800ADF827 /* Build configuration list for PBXProject "macSup2Srt" */ = {
			isa = XCConfigurationList;
			buildConfigurations = (
				8A7F7F6F2C859D6800ADF827 /* Debug */,
				8A7F7F702C859D6800ADF827 /* Release */,
			);
			defaultConfigurationIsVisible = 0;
			defaultConfigurationName = Release;
		};
		8A7F7F712C859D6800ADF827 /* Build configuration list for PBXNativeTarget "macSup2Srt" */ = {
			isa = XCConfigurationList;
			buildConfigurations = (
				8A7F7F722C859D6800ADF827 /* Debug */,
				8A7F7F732C859D6800ADF827 /* Release */,
			);
			defaultConfigurationIsVisible = 0;
			defaultConfigurationName = Release;
		};
/* End XCConfigurationList section */

/* Begin XCRemoteSwiftPackageReference section */
		8A7F7F7C2C859E2F00ADF827 /* XCRemoteSwiftPackageReference "swift-argument-parser" */ = {
			isa = XCRemoteSwiftPackageReference;
			repositoryURL = "https://github.com/apple/swift-argument-parser.git";
			requirement = {
				kind = exactVersion;
				version = 1.5.0;
			};
		};
/* End XCRemoteSwiftPackageReference section */

/* Begin XCSwiftPackageProductDependency section */
		8A7F7F7D2C859E2F00ADF827 /* ArgumentParser */ = {
			isa = XCSwiftPackageProductDependency;
			package = 8A7F7F7C2C859E2F00ADF827 /* XCRemoteSwiftPackageReference "swift-argument-parser" */;
			productName = ArgumentParser;
		};
/* End XCSwiftPackageProductDependency section */
	};
	rootObject = 8A7F7F622C859D6800ADF827 /* Project object */;
}
