// !$*UTF8*$!
{
	archiveVersion = 1;
	classes = {
	};
	objectVersion = 70;
	objects = {

/* Begin PBXBuildFile section */
		8A7F7F782C859DC300ADF827 /* SRT.swift in Sources */ = {isa = PBXBuildFile; fileRef = 8A7F7F762C859DC300ADF827 /* SRT.swift */; };
		8A7F7F792C859DC300ADF827 /* macSup2Srt.swift in Sources */ = {isa = PBXBuildFile; fileRef = 8A7F7F742C859DC300ADF827 /* macSup2Srt.swift */; };
		8A7F7F7E2C859E2F00ADF827 /* ArgumentParser in Frameworks */ = {isa = PBXBuildFile; productRef = 8A7F7F7D2C859E2F00ADF827 /* ArgumentParser */; };
		8A9A1FC72C8D3D0500359E57 /* Debug.swift in Sources */ = {isa = PBXBuildFile; fileRef = 8A9A1FC62C8D3D0000359E57 /* Debug.swift */; };
/* End PBXBuildFile section */

/* Begin PBXCopyFilesBuildPhase section */
		8A7F7F682C859D6800ADF827 /* CopyFiles */ = {
			isa = PBXCopyFilesBuildPhase;
			buildActionMask = 2147483647;
			dstPath = /usr/share/man/man1/;
			dstSubfolderSpec = 0;
			files = (
			);
			runOnlyForDeploymentPostprocessing = 1;
		};
/* End PBXCopyFilesBuildPhase section */

/* Begin PBXFileReference section */
		8A7F7F6A2C859D6800ADF827 /* macSup2Srt */ = {isa = PBXFileReference; explicitFileType = "compiled.mach-o.executable"; includeInIndex = 0; path = macSup2Srt; sourceTree = BUILT_PRODUCTS_DIR; };
		8A7F7F742C859DC300ADF827 /* macSup2Srt.swift */ = {isa = PBXFileReference; lastKnownFileType = sourcecode.swift; path = macSup2Srt.swift; sourceTree = "<group>"; };
		8A7F7F762C859DC300ADF827 /* SRT.swift */ = {isa = PBXFileReference; lastKnownFileType = sourcecode.swift; path = SRT.swift; sourceTree = "<group>"; };
		8A9A1FC62C8D3D0000359E57 /* Debug.swift */ = {isa = PBXFileReference; lastKnownFileType = sourcecode.swift; path = Debug.swift; sourceTree = "<group>"; };
/* End PBXFileReference section */

/* Begin PBXFileSystemSynchronizedRootGroup section */
		8AE9B72F2C9378CC00AB2BB5 /* PGS */ = {isa = PBXFileSystemSynchronizedRootGroup; explicitFileTypes = {}; explicitFolders = (); path = PGS; sourceTree = "<group>"; };
/* End PBXFileSystemSynchronizedRootGroup section */

/* Begin PBXFrameworksBuildPhase section */
		8A7F7F672C859D6800ADF827 /* Frameworks */ = {
			isa = PBXFrameworksBuildPhase;
			buildActionMask = 2147483647;
			files = (
				8A7F7F7E2C859E2F00ADF827 /* ArgumentParser in Frameworks */,
			);
			runOnlyForDeploymentPostprocessing = 0;
		};
/* End PBXFrameworksBuildPhase section */

/* Begin PBXGroup section */
		8A7F7F612C859D6800ADF827 = {
			isa = PBXGroup;
			children = (
				8A7F7F6C2C859D6800ADF827 /* macSup2Srt */,
				8A7F7F6B2C859D6800ADF827 /* Products */,
			);
			sourceTree = "<group>";
		};
		8A7F7F6B2C859D6800ADF827 /* Products */ = {
			isa = PBXGroup;
			children = (
				8A7F7F6A2C859D6800ADF827 /* macSup2Srt */,
			);
			name = Products;
			sourceTree = "<group>";
		};
		8A7F7F6C2C859D6800ADF827 /* macSup2Srt */ = {
			isa = PBXGroup;
			children = (
				8AE9B72F2C9378CC00AB2BB5 /* PGS */,
				8A9A1FC62C8D3D0000359E57 /* Debug.swift */,
				8A7F7F742C859DC300ADF827 /* macSup2Srt.swift */,
				8A7F7F762C859DC300ADF827 /* SRT.swift */,
			);
			path = macSup2Srt;
			sourceTree = "<group>";
		};
/* End PBXGroup section */

/* Begin PBXNativeTarget section */
		8A7F7F692C859D6800ADF827 /* macSup2Srt */ = {
			isa = PBXNativeTarget;
			buildConfigurationList = 8A7F7F712C859D6800ADF827 /* Build configuration list for PBXNativeTarget "macSup2Srt" */;
			buildPhases = (
				8A7F7F662C859D6800ADF827 /* Sources */,
				8A7F7F672C859D6800ADF827 /* Frameworks */,
				8A7F7F682C859D6800ADF827 /* CopyFiles */,
			);
			buildRules = (
			);
			dependencies = (
			);
			fileSystemSynchronizedGroups = (
				8AE9B72F2C9378CC00AB2BB5 /* PGS */,
			);
			name = macSup2Srt;
			packageProductDependencies = (
				8A7F7F7D2C859E2F00ADF827 /* ArgumentParser */,
			);
			productName = macSup2Srt;
			productReference = 8A7F7F6A2C859D6800ADF827 /* macSup2Srt */;
			productType = "com.apple.product-type.tool";
		};
/* End PBXNativeTarget section */

/* Begin PBXProject section */
		8A7F7F622C859D6800ADF827 /* Project object */ = {
			isa = PBXProject;
			attributes = {
				BuildIndependentTargetsInParallel = 1;
				LastSwiftUpdateCheck = 1600;
				LastUpgradeCheck = 1600;
				TargetAttributes = {
					8A7F7F692C859D6800ADF827 = {
						CreatedOnToolsVersion = 16.0;
					};
				};
			};
			buildConfigurationList = 8A7F7F652C859D6800ADF827 /* Build configuration list for PBXProject "macSup2Srt" */;
			compatibilityVersion = "Xcode 15.0";
			developmentRegion = en;
			hasScannedForEncodings = 0;
			knownRegions = (
				en,
				Base,
			);
			mainGroup = 8A7F7F612C859D6800ADF827;
			packageReferences = (
				8A7F7F7C2C859E2F00ADF827 /* XCRemoteSwiftPackageReference "swift-argument-parser" */,
			);
			productRefGroup = 8A7F7F6B2C859D6800ADF827 /* Products */;
			projectDirPath = "";
			projectRoot = "";
			targets = (
				8A7F7F692C859D6800ADF827 /* macSup2Srt */,
			);
		};
/* End PBXProject section */

/* Begin PBXSourcesBuildPhase section */
		8A7F7F662C859D6800ADF827 /* Sources */ = {
			isa = PBXSourcesBuildPhase;
			buildActionMask = 2147483647;
			files = (
				8A7F7F782C859DC300ADF827 /* SRT.swift in Sources */,
				8A7F7F792C859DC300ADF827 /* macSup2Srt.swift in Sources */,
				8A9A1FC72C8D3D0500359E57 /* Debug.swift in Sources */,
			);
			runOnlyForDeploymentPostprocessing = 0;
		};
/* End PBXSourcesBuildPhase section */

/* Begin XCBuildConfiguration section */
		8A7F7F6F2C859D6800ADF827 /* Debug */ = {
			isa = XCBuildConfiguration;
			buildSettings = {
				ALWAYS_SEARCH_USER_PATHS = NO;
				ASSETCATALOG_COMPILER_GENERATE_SWIFT_ASSET_SYMBOL_EXTENSIONS = YES;
				CLANG_ANALYZER_NONNULL = YES;
				CLANG_ANALYZER_NUMBER_OBJECT_CONVERSION = YES_AGGRESSIVE;
				CLANG_WARN_BLOCK_CAPTURE_AUTORELEASING = YES;
				CLANG_WARN_BOOL_CONVERSION = YES;
				CLANG_WARN_COMMA = YES;
				CLANG_WARN_CONSTANT_CONVERSION = YES;
				CLANG_WARN_DOCUMENTATION_COMMENTS = YES;
				CLANG_WARN_EMPTY_BODY = YES;
				CLANG_WARN_ENUM_CONVERSION = YES;
				CLANG_WARN_INFINITE_RECURSION = YES;
				CLANG_WARN_INT_CONVERSION = YES;
				CLANG_WARN_NON_LITERAL_NULL_CONVERSION = YES;
				CLANG_WARN_QUOTED_INCLUDE_IN_FRAMEWORK_HEADER = YES;
				CLANG_WARN_STRICT_PROTOTYPES = YES;
				CLANG_WARN_UNGUARDED_AVAILABILITY = YES_AGGRESSIVE;
				CLANG_WARN_UNREACHABLE_CODE = YES;
				COPY_PHASE_STRIP = NO;
				DEBUG_INFORMATION_FORMAT = dwarf;
				ENABLE_TESTABILITY = YES;
				ENABLE_USER_SCRIPT_SANDBOXING = YES;
				GCC_DYNAMIC_NO_PIC = NO;
				GCC_NO_COMMON_BLOCKS = YES;
				GCC_OPTIMIZATION_LEVEL = 3;
				GCC_PREPROCESSOR_DEFINITIONS = (
					"DEBUG=1",
					"$(inherited)",
				);
				GCC_WARN_64_TO_32_BIT_CONVERSION = YES;
				GCC_WARN_ABOUT_RETURN_TYPE = YES_ERROR;
				GCC_WARN_UNINITIALIZED_AUTOS = YES_AGGRESSIVE;
				GCC_WARN_UNUSED_FUNCTION = YES;
				GCC_WARN_UNUSED_VARIABLE = YES;
				LOCALIZATION_PREFERS_STRING_CATALOGS = YES;
				MACOSX_DEPLOYMENT_TARGET = 15.0;
				MTL_ENABLE_DEBUG_INFO = INCLUDE_SOURCE;
				MTL_FAST_MATH = YES;
				ONLY_ACTIVE_ARCH = YES;
				SDKROOT = macosx;
				SWIFT_ACTIVE_COMPILATION_CONDITIONS = "DEBUG $(inherited)";
				SWIFT_OPTIMIZATION_LEVEL = "-Onone";
			};
			name = Debug;
		};
		8A7F7F702C859D6800ADF827 /* Release */ = {
			isa = XCBuildConfiguration;
			buildSettings = {
				ALWAYS_SEARCH_USER_PATHS = NO;
				ASSETCATALOG_COMPILER_GENERATE_SWIFT_ASSET_SYMBOL_EXTENSIONS = YES;
				CLANG_ANALYZER_NONNULL = YES;
				CLANG_ANALYZER_NUMBER_OBJECT_CONVERSION = YES_AGGRESSIVE;
				CLANG_WARN_BLOCK_CAPTURE_AUTORELEASING = YES;
				CLANG_WARN_BOOL_CONVERSION = YES;
				CLANG_WARN_COMMA = YES;
				CLANG_WARN_CONSTANT_CONVERSION = YES;
				CLANG_WARN_DOCUMENTATION_COMMENTS = YES;
				CLANG_WARN_EMPTY_BODY = YES;
				CLANG_WARN_ENUM_CONVERSION = YES;
				CLANG_WARN_INFINITE_RECURSION = YES;
				CLANG_WARN_INT_CONVERSION = YES;
				CLANG_WARN_NON_LITERAL_NULL_CONVERSION = YES;
				CLANG_WARN_QUOTED_INCLUDE_IN_FRAMEWORK_HEADER = YES;
				CLANG_WARN_STRICT_PROTOTYPES = YES;
				CLANG_WARN_UNGUARDED_AVAILABILITY = YES_AGGRESSIVE;
				CLANG_WARN_UNREACHABLE_CODE = YES;
				COPY_PHASE_STRIP = NO;
				DEBUG_INFORMATION_FORMAT = "dwarf-with-dsym";
				ENABLE_NS_ASSERTIONS = NO;
				ENABLE_USER_SCRIPT_SANDBOXING = YES;
				GCC_NO_COMMON_BLOCKS = YES;
				GCC_WARN_64_TO_32_BIT_CONVERSION = YES;
				GCC_WARN_ABOUT_RETURN_TYPE = YES_ERROR;
				GCC_WARN_UNINITIALIZED_AUTOS = YES_AGGRESSIVE;
				GCC_WARN_UNUSED_FUNCTION = YES;
				GCC_WARN_UNUSED_VARIABLE = YES;
				LOCALIZATION_PREFERS_STRING_CATALOGS = YES;
				MACOSX_DEPLOYMENT_TARGET = 15.0;
				MTL_ENABLE_DEBUG_INFO = NO;
				MTL_FAST_MATH = YES;
				SDKROOT = macosx;
				SWIFT_COMPILATION_MODE = wholemodule;
			};
			name = Release;
		};
		8A7F7F722C859D6800ADF827 /* Debug */ = {
			isa = XCBuildConfiguration;
			buildSettings = {
				CODE_SIGN_STYLE = Automatic;
				PRODUCT_NAME = "$(TARGET_NAME)";
				SWIFT_VERSION = 5.0;
			};
			name = Debug;
		};
		8A7F7F732C859D6800ADF827 /* Release */ = {
			isa = XCBuildConfiguration;
			buildSettings = {
				CODE_SIGN_STYLE = Automatic;
				PRODUCT_NAME = "$(TARGET_NAME)";
				SWIFT_VERSION = 5.0;
			};
			name = Release;
		};
/* End XCBuildConfiguration section */

/* Begin XCConfigurationList section */
		8A7F7F652C859D6800ADF827 /* Build configuration list for PBXProject "macSup2Srt" */ = {
			isa = XCConfigurationList;
			buildConfigurations = (
				8A7F7F6F2C859D6800ADF827 /* Debug */,
				8A7F7F702C859D6800ADF827 /* Release */,
			);
			defaultConfigurationIsVisible = 0;
			defaultConfigurationName = Release;
		};
		8A7F7F712C859D6800ADF827 /* Build configuration list for PBXNativeTarget "macSup2Srt" */ = {
			isa = XCConfigurationList;
			buildConfigurations = (
				8A7F7F722C859D6800ADF827 /* Debug */,
				8A7F7F732C859D6800ADF827 /* Release */,
			);
			defaultConfigurationIsVisible = 0;
			defaultConfigurationName = Release;
		};
/* End XCConfigurationList section */

/* Begin XCRemoteSwiftPackageReference section */
		8A7F7F7C2C859E2F00ADF827 /* XCRemoteSwiftPackageReference "swift-argument-parser" */ = {
			isa = XCRemoteSwiftPackageReference;
			repositoryURL = "https://github.com/apple/swift-argument-parser.git";
			requirement = {
				kind = upToNextMajorVersion;
				minimumVersion = 1.5.0;
			};
		};
/* End XCRemoteSwiftPackageReference section */

/* Begin XCSwiftPackageProductDependency section */
		8A7F7F7D2C859E2F00ADF827 /* ArgumentParser */ = {
			isa = XCSwiftPackageProductDependency;
			package = 8A7F7F7C2C859E2F00ADF827 /* XCRemoteSwiftPackageReference "swift-argument-parser" */;
			productName = ArgumentParser;
		};
/* End XCSwiftPackageProductDependency section */
	};
	rootObject = 8A7F7F622C859D6800ADF827 /* Project object */;
}
